// !$*UTF8*$!
{
	archiveVersion = 1;
	classes = {
	};
	objectVersion = 50;
	objects = {

/* Begin PBXBuildFile section */
		B2157DA72517B24B00A22CD3 /* Smoke.sks in Resources */ = {isa = PBXBuildFile; fileRef = B2157DA62517B24B00A22CD3 /* Smoke.sks */; };
		B2157DAF2517B67100A22CD3 /* Mud.sks in Resources */ = {isa = PBXBuildFile; fileRef = B2157DAE2517B67100A22CD3 /* Mud.sks */; };
		B27A458C2515621800A7A944 /* AppDelegate.swift in Sources */ = {isa = PBXBuildFile; fileRef = B27A458B2515621800A7A944 /* AppDelegate.swift */; };
		B27A458E2515621800A7A944 /* GameScene.sks in Resources */ = {isa = PBXBuildFile; fileRef = B27A458D2515621800A7A944 /* GameScene.sks */; };
		B27A45922515621800A7A944 /* GameScene.swift in Sources */ = {isa = PBXBuildFile; fileRef = B27A45912515621800A7A944 /* GameScene.swift */; };
		B27A45942515621800A7A944 /* GameViewController.swift in Sources */ = {isa = PBXBuildFile; fileRef = B27A45932515621800A7A944 /* GameViewController.swift */; };
		B27A45972515621800A7A944 /* Main.storyboard in Resources */ = {isa = PBXBuildFile; fileRef = B27A45952515621800A7A944 /* Main.storyboard */; };
		B27A45992515622300A7A944 /* Assets.xcassets in Resources */ = {isa = PBXBuildFile; fileRef = B27A45982515622300A7A944 /* Assets.xcassets */; };
		B27A459C2515622300A7A944 /* LaunchScreen.storyboard in Resources */ = {isa = PBXBuildFile; fileRef = B27A459A2515622300A7A944 /* LaunchScreen.storyboard */; };
		B27A45A6251572BE00A7A944 /* WhackSlot.swift in Sources */ = {isa = PBXBuildFile; fileRef = B27A45A5251572BE00A7A944 /* WhackSlot.swift */; };
/* End PBXBuildFile section */

/* Begin PBXFileReference section */
		B2157DA22517B02A00A22CD3 /* whack.caf */ = {isa = PBXFileReference; lastKnownFileType = file; name = whack.caf; path = "../../../../Downloads/HackingWithSwift-main/Classic/project14-files/Content/whack.caf"; sourceTree = "<group>"; };
		B2157DA32517B02A00A22CD3 /* whackBad.caf */ = {isa = PBXFileReference; lastKnownFileType = file; name = whackBad.caf; path = "../../../../Downloads/HackingWithSwift-main/Classic/project14-files/Content/whackBad.caf"; sourceTree = "<group>"; };
		B2157DA62517B24B00A22CD3 /* Smoke.sks */ = {isa = PBXFileReference; lastKnownFileType = file.sks; path = Smoke.sks; sourceTree = "<group>"; };
		B2157DAE2517B67100A22CD3 /* Mud.sks */ = {isa = PBXFileReference; lastKnownFileType = file.sks; path = Mud.sks; sourceTree = "<group>"; };
		B27A45882515621800A7A944 /* Project14.app */ = {isa = PBXFileReference; explicitFileType = wrapper.application; includeInIndex = 0; path = Project14.app; sourceTree = BUILT_PRODUCTS_DIR; };
		B27A458B2515621800A7A944 /* AppDelegate.swift */ = {isa = PBXFileReference; lastKnownFileType = sourcecode.swift; path = AppDelegate.swift; sourceTree = "<group>"; };
		B27A458D2515621800A7A944 /* GameScene.sks */ = {isa = PBXFileReference; lastKnownFileType = file.sks; path = GameScene.sks; sourceTree = "<group>"; };
		B27A45912515621800A7A944 /* GameScene.swift */ = {isa = PBXFileReference; lastKnownFileType = sourcecode.swift; path = GameScene.swift; sourceTree = "<group>"; };
		B27A45932515621800A7A944 /* GameViewController.swift */ = {isa = PBXFileReference; lastKnownFileType = sourcecode.swift; path = GameViewController.swift; sourceTree = "<group>"; };
		B27A45962515621800A7A944 /* Base */ = {isa = PBXFileReference; lastKnownFileType = file.storyboard; name = Base; path = Base.lproj/Main.storyboard; sourceTree = "<group>"; };
		B27A45982515622300A7A944 /* Assets.xcassets */ = {isa = PBXFileReference; lastKnownFileType = folder.assetcatalog; path = Assets.xcassets; sourceTree = "<group>"; };
		B27A459B2515622300A7A944 /* Base */ = {isa = PBXFileReference; lastKnownFileType = file.storyboard; name = Base; path = Base.lproj/LaunchScreen.storyboard; sourceTree = "<group>"; };
		B27A459D2515622300A7A944 /* Info.plist */ = {isa = PBXFileReference; lastKnownFileType = text.plist.xml; path = Info.plist; sourceTree = "<group>"; };
		B27A45A5251572BE00A7A944 /* WhackSlot.swift */ = {isa = PBXFileReference; lastKnownFileType = sourcecode.swift; path = WhackSlot.swift; sourceTree = "<group>"; };
/* End PBXFileReference section */

/* Begin PBXFrameworksBuildPhase section */
		B27A45852515621800A7A944 /* Frameworks */ = {
			isa = PBXFrameworksBuildPhase;
			buildActionMask = 2147483647;
			files = (
			);
			runOnlyForDeploymentPostprocessing = 0;
		};
/* End PBXFrameworksBuildPhase section */

/* Begin PBXGroup section */
		B27A457F2515621800A7A944 = {
			isa = PBXGroup;
			children = (
				B27A458A2515621800A7A944 /* Project14 */,
				B27A45892515621800A7A944 /* Products */,
			);
			sourceTree = "<group>";
		};
		B27A45892515621800A7A944 /* Products */ = {
			isa = PBXGroup;
			children = (
				B27A45882515621800A7A944 /* Project14.app */,
			);
			name = Products;
			sourceTree = "<group>";
		};
		B27A458A2515621800A7A944 /* Project14 */ = {
			isa = PBXGroup;
			children = (
				B27A458B2515621800A7A944 /* AppDelegate.swift */,
				B27A458D2515621800A7A944 /* GameScene.sks */,
				B27A45912515621800A7A944 /* GameScene.swift */,
				B2157DA62517B24B00A22CD3 /* Smoke.sks */,
				B2157DAE2517B67100A22CD3 /* Mud.sks */,
				B27A45932515621800A7A944 /* GameViewController.swift */,
				B27A45A5251572BE00A7A944 /* WhackSlot.swift */,
				B27A45952515621800A7A944 /* Main.storyboard */,
				B27A45982515622300A7A944 /* Assets.xcassets */,
				B27A459A2515622300A7A944 /* LaunchScreen.storyboard */,
				B27A459D2515622300A7A944 /* Info.plist */,
				B2157DA22517B02A00A22CD3 /* whack.caf */,
				B2157DA32517B02A00A22CD3 /* whackBad.caf */,
			);
			path = Project14;
			sourceTree = "<group>";
		};
/* End PBXGroup section */

/* Begin PBXNativeTarget section */
		B27A45872515621800A7A944 /* Project14 */ = {
			isa = PBXNativeTarget;
			buildConfigurationList = B27A45A02515622300A7A944 /* Build configuration list for PBXNativeTarget "Project14" */;
			buildPhases = (
				B27A45842515621800A7A944 /* Sources */,
				B27A45852515621800A7A944 /* Frameworks */,
				B27A45862515621800A7A944 /* Resources */,
			);
			buildRules = (
			);
			dependencies = (
			);
			name = Project14;
			productName = Project14;
			productReference = B27A45882515621800A7A944 /* Project14.app */;
			productType = "com.apple.product-type.application";
		};
/* End PBXNativeTarget section */

/* Begin PBXProject section */
		B27A45802515621800A7A944 /* Project object */ = {
			isa = PBXProject;
			attributes = {
				LastSwiftUpdateCheck = 1160;
				LastUpgradeCheck = 1160;
				ORGANIZATIONNAME = "Diayan Siat";
				TargetAttributes = {
					B27A45872515621800A7A944 = {
						CreatedOnToolsVersion = 11.6;
					};
				};
			};
			buildConfigurationList = B27A45832515621800A7A944 /* Build configuration list for PBXProject "Project14" */;
			compatibilityVersion = "Xcode 9.3";
			developmentRegion = en;
			hasScannedForEncodings = 0;
			knownRegions = (
				en,
				Base,
			);
			mainGroup = B27A457F2515621800A7A944;
			productRefGroup = B27A45892515621800A7A944 /* Products */;
			projectDirPath = "";
			projectRoot = "";
			targets = (
				B27A45872515621800A7A944 /* Project14 */,
			);
		};
/* End PBXProject section */

/* Begin PBXResourcesBuildPhase section */
		B27A45862515621800A7A944 /* Resources */ = {
			isa = PBXResourcesBuildPhase;
			buildActionMask = 2147483647;
			files = (
				B2157DAF2517B67100A22CD3 /* Mud.sks in Resources */,
				B27A45972515621800A7A944 /* Main.storyboard in Resources */,
				B2157DA72517B24B00A22CD3 /* Smoke.sks in Resources */,
				B27A458E2515621800A7A944 /* GameScene.sks in Resources */,
				B27A45992515622300A7A944 /* Assets.xcassets in Resources */,
				B27A459C2515622300A7A944 /* LaunchScreen.storyboard in Resources */,
			);
			runOnlyForDeploymentPostprocessing = 0;
		};
/* End PBXResourcesBuildPhase section */

/* Begin PBXSourcesBuildPhase section */
		B27A45842515621800A7A944 /* Sources */ = {
			isa = PBXSourcesBuildPhase;
			buildActionMask = 2147483647;
			files = (
				B27A45922515621800A7A944 /* GameScene.swift in Sources */,
				B27A45942515621800A7A944 /* GameViewController.swift in Sources */,
				B27A45A6251572BE00A7A944 /* WhackSlot.swift in Sources */,
				B27A458C2515621800A7A944 /* AppDelegate.swift in Sources */,
			);
			runOnlyForDeploymentPostprocessing = 0;
		};
/* End PBXSourcesBuildPhase section */

/* Begin PBXVariantGroup section */
		B27A45952515621800A7A944 /* Main.storyboard */ = {
			isa = PBXVariantGroup;
			children = (
				B27A45962515621800A7A944 /* Base */,
			);
			name = Main.storyboard;
			sourceTree = "<group>";
		};
		B27A459A2515622300A7A944 /* LaunchScreen.storyboard */ = {
			isa = PBXVariantGroup;
			children = (
				B27A459B2515622300A7A944 /* Base */,
			);
			name = LaunchScreen.storyboard;
			sourceTree = "<group>";
		};
/* End PBXVariantGroup section */

/* Begin XCBuildConfiguration section */
		B27A459E2515622300A7A944 /* Debug */ = {
			isa = XCBuildConfiguration;
			buildSettings = {
				ALWAYS_SEARCH_USER_PATHS = NO;
				CLANG_ANALYZER_NONNULL = YES;
				CLANG_ANALYZER_NUMBER_OBJECT_CONVERSION = YES_AGGRESSIVE;
				CLANG_CXX_LANGUAGE_STANDARD = "gnu++14";
				CLANG_CXX_LIBRARY = "libc++";
				CLANG_ENABLE_MODULES = YES;
				CLANG_ENABLE_OBJC_ARC = YES;
				CLANG_ENABLE_OBJC_WEAK = YES;
				CLANG_WARN_BLOCK_CAPTURE_AUTORELEASING = YES;
				CLANG_WARN_BOOL_CONVERSION = YES;
				CLANG_WARN_COMMA = YES;
				CLANG_WARN_CONSTANT_CONVERSION = YES;
				CLANG_WARN_DEPRECATED_OBJC_IMPLEMENTATIONS = YES;
				CLANG_WARN_DIRECT_OBJC_ISA_USAGE = YES_ERROR;
				CLANG_WARN_DOCUMENTATION_COMMENTS = YES;
				CLANG_WARN_EMPTY_BODY = YES;
				CLANG_WARN_ENUM_CONVERSION = YES;
				CLANG_WARN_INFINITE_RECURSION = YES;
				CLANG_WARN_INT_CONVERSION = YES;
				CLANG_WARN_NON_LITERAL_NULL_CONVERSION = YES;
				CLANG_WARN_OBJC_IMPLICIT_RETAIN_SELF = YES;
				CLANG_WARN_OBJC_LITERAL_CONVERSION = YES;
				CLANG_WARN_OBJC_ROOT_CLASS = YES_ERROR;
				CLANG_WARN_RANGE_LOOP_ANALYSIS = YES;
				CLANG_WARN_STRICT_PROTOTYPES = YES;
				CLANG_WARN_SUSPICIOUS_MOVE = YES;
				CLANG_WARN_UNGUARDED_AVAILABILITY = YES_AGGRESSIVE;
				CLANG_WARN_UNREACHABLE_CODE = YES;
				CLANG_WARN__DUPLICATE_METHOD_MATCH = YES;
				COPY_PHASE_STRIP = NO;
				DEBUG_INFORMATION_FORMAT = dwarf;
				ENABLE_STRICT_OBJC_MSGSEND = YES;
				ENABLE_TESTABILITY = YES;
				GCC_C_LANGUAGE_STANDARD = gnu11;
				GCC_DYNAMIC_NO_PIC = NO;
				GCC_NO_COMMON_BLOCKS = YES;
				GCC_OPTIMIZATION_LEVEL = 0;
				GCC_PREPROCESSOR_DEFINITIONS = (
					"DEBUG=1",
					"$(inherited)",
				);
				GCC_WARN_64_TO_32_BIT_CONVERSION = YES;
				GCC_WARN_ABOUT_RETURN_TYPE = YES_ERROR;
				GCC_WARN_UNDECLARED_SELECTOR = YES;
				GCC_WARN_UNINITIALIZED_AUTOS = YES_AGGRESSIVE;
				GCC_WARN_UNUSED_FUNCTION = YES;
				GCC_WARN_UNUSED_VARIABLE = YES;
				IPHONEOS_DEPLOYMENT_TARGET = 13.6;
				MTL_ENABLE_DEBUG_INFO = INCLUDE_SOURCE;
				MTL_FAST_MATH = YES;
				ONLY_ACTIVE_ARCH = YES;
				SDKROOT = iphoneos;
				SWIFT_ACTIVE_COMPILATION_CONDITIONS = DEBUG;
				SWIFT_OPTIMIZATION_LEVEL = "-Onone";
			};
			name = Debug;
		};
		B27A459F2515622300A7A944 /* Release */ = {
			isa = XCBuildConfiguration;
			buildSettings = {
				ALWAYS_SEARCH_USER_PATHS = NO;
				CLANG_ANALYZER_NONNULL = YES;
				CLANG_ANALYZER_NUMBER_OBJECT_CONVERSION = YES_AGGRESSIVE;
				CLANG_CXX_LANGUAGE_STANDARD = "gnu++14";
				CLANG_CXX_LIBRARY = "libc++";
				CLANG_ENABLE_MODULES = YES;
				CLANG_ENABLE_OBJC_ARC = YES;
				CLANG_ENABLE_OBJC_WEAK = YES;
				CLANG_WARN_BLOCK_CAPTURE_AUTORELEASING = YES;
				CLANG_WARN_BOOL_CONVERSION = YES;
				CLANG_WARN_COMMA = YES;
				CLANG_WARN_CONSTANT_CONVERSION = YES;
				CLANG_WARN_DEPRECATED_OBJC_IMPLEMENTATIONS = YES;
				CLANG_WARN_DIRECT_OBJC_ISA_USAGE = YES_ERROR;
				CLANG_WARN_DOCUMENTATION_COMMENTS = YES;
				CLANG_WARN_EMPTY_BODY = YES;
				CLANG_WARN_ENUM_CONVERSION = YES;
				CLANG_WARN_INFINITE_RECURSION = YES;
				CLANG_WARN_INT_CONVERSION = YES;
				CLANG_WARN_NON_LITERAL_NULL_CONVERSION = YES;
				CLANG_WARN_OBJC_IMPLICIT_RETAIN_SELF = YES;
				CLANG_WARN_OBJC_LITERAL_CONVERSION = YES;
				CLANG_WARN_OBJC_ROOT_CLASS = YES_ERROR;
				CLANG_WARN_RANGE_LOOP_ANALYSIS = YES;
				CLANG_WARN_STRICT_PROTOTYPES = YES;
				CLANG_WARN_SUSPICIOUS_MOVE = YES;
				CLANG_WARN_UNGUARDED_AVAILABILITY = YES_AGGRESSIVE;
				CLANG_WARN_UNREACHABLE_CODE = YES;
				CLANG_WARN__DUPLICATE_METHOD_MATCH = YES;
				COPY_PHASE_STRIP = NO;
				DEBUG_INFORMATION_FORMAT = "dwarf-with-dsym";
				ENABLE_NS_ASSERTIONS = NO;
				ENABLE_STRICT_OBJC_MSGSEND = YES;
				GCC_C_LANGUAGE_STANDARD = gnu11;
				GCC_NO_COMMON_BLOCKS = YES;
				GCC_WARN_64_TO_32_BIT_CONVERSION = YES;
				GCC_WARN_ABOUT_RETURN_TYPE = YES_ERROR;
				GCC_WARN_UNDECLARED_SELECTOR = YES;
				GCC_WARN_UNINITIALIZED_AUTOS = YES_AGGRESSIVE;
				GCC_WARN_UNUSED_FUNCTION = YES;
				GCC_WARN_UNUSED_VARIABLE = YES;
				IPHONEOS_DEPLOYMENT_TARGET = 13.6;
				MTL_ENABLE_DEBUG_INFO = NO;
				MTL_FAST_MATH = YES;
				SDKROOT = iphoneos;
				SWIFT_COMPILATION_MODE = wholemodule;
				SWIFT_OPTIMIZATION_LEVEL = "-O";
				VALIDATE_PRODUCT = YES;
			};
			name = Release;
		};
		B27A45A12515622300A7A944 /* Debug */ = {
			isa = XCBuildConfiguration;
			buildSettings = {
				ASSETCATALOG_COMPILER_APPICON_NAME = AppIcon;
				CODE_SIGN_STYLE = Automatic;
				DEVELOPMENT_TEAM = 9WTXG2G2BJ;
				INFOPLIST_FILE = Project14/Info.plist;
				LD_RUNPATH_SEARCH_PATHS = (
					"$(inherited)",
					"@executable_path/Frameworks",
				);
				PRODUCT_BUNDLE_IDENTIFIER = tech.diayansiat.Project14;
				PRODUCT_NAME = "$(TARGET_NAME)";
				SWIFT_VERSION = 5.0;
				TARGETED_DEVICE_FAMILY = 2;
			};
			name = Debug;
		};
		B27A45A22515622300A7A944 /* Release */ = {
			isa = XCBuildConfiguration;
			buildSettings = {
				ASSETCATALOG_COMPILER_APPICON_NAME = AppIcon;
				CODE_SIGN_STYLE = Automatic;
				DEVELOPMENT_TEAM = 9WTXG2G2BJ;
				INFOPLIST_FILE = Project14/Info.plist;
				LD_RUNPATH_SEARCH_PATHS = (
					"$(inherited)",
					"@executable_path/Frameworks",
				);
				PRODUCT_BUNDLE_IDENTIFIER = tech.diayansiat.Project14;
				PRODUCT_NAME = "$(TARGET_NAME)";
				SWIFT_VERSION = 5.0;
				TARGETED_DEVICE_FAMILY = 2;
			};
			name = Release;
		};
/* End XCBuildConfiguration section */

/* Begin XCConfigurationList section */
		B27A45832515621800A7A944 /* Build configuration list for PBXProject "Project14" */ = {
			isa = XCConfigurationList;
			buildConfigurations = (
				B27A459E2515622300A7A944 /* Debug */,
				B27A459F2515622300A7A944 /* Release */,
			);
			defaultConfigurationIsVisible = 0;
			defaultConfigurationName = Release;
		};
		B27A45A02515622300A7A944 /* Build configuration list for PBXNativeTarget "Project14" */ = {
			isa = XCConfigurationList;
			buildConfigurations = (
				B27A45A12515622300A7A944 /* Debug */,
				B27A45A22515622300A7A944 /* Release */,
			);
			defaultConfigurationIsVisible = 0;
			defaultConfigurationName = Release;
		};
/* End XCConfigurationList section */
	};
	rootObject = B27A45802515621800A7A944 /* Project object */;
}
